
Microsoft Visual Studio Solution File, Format Version 12.00
# Visual Studio Version 16
VisualStudioVersion = 16.0.31702.278
MinimumVisualStudioVersion = 10.0.40219.1
Project("{FAE04EC0-301F-11D3-BF4B-00C04F79EFBC}") = "WindowsFormsApp2", "WindowsFormsApp2.csproj", "{C473F111-8B58-4E28-8FE8-7235F8306CC1}"
EndProject
Global
	GlobalSection(SolutionConfigurationPlatforms) = preSolution
		Debug|Any CPU = Debug|Any CPU
		Release|Any CPU = Release|Any CPU
	EndGlobalSection
	GlobalSection(ProjectConfigurationPlatforms) = postSolution
		{C473F111-8B58-4E28-8FE8-7235F8306CC1}.Debug|Any CPU.ActiveCfg = Debug|Any CPU
		{C473F111-8B58-4E28-8FE8-7235F8306CC1}.Debug|Any CPU.Build.0 = Debug|Any CPU
		{C473F111-8B58-4E28-8FE8-7235F8306CC1}.Release|Any CPU.ActiveCfg = Release|Any CPU
		{C473F111-8B58-4E28-8FE8-7235F8306CC1}.Release|Any CPU.Build.0 = Release|Any CPU
	EndGlobalSection
	GlobalSection(SolutionProperties) = preSolution
		HideSolutionNode = FALSE
	EndGlobalSection
	GlobalSection(ExtensibilityGlobals) = postSolution
		SolutionGuid = {E345E92B-7DC5-4729-B16B-EDF74EFB14CB}
	EndGlobalSection
EndGlobal
